
Microsoft Visual Studio Solution File, Format Version 12.00
# Visual Studio Version 16
VisualStudioVersion = 16.0.30621.155
MinimumVisualStudioVersion = 10.0.40219.1
Project("{FAE04EC0-301F-11D3-BF4B-00C04F79EFBC}") = "HomeWorkAnketa", "HomeWorkAnketa\HomeWorkAnketa.csproj", "{0BED6746-6B1B-4EE0-96C9-1E3657163551}"
EndProject
Project("{FAE04EC0-301F-11D3-BF4B-00C04F79EFBC}") = "HomeWork04", "HomeWork04\HomeWork04.csproj", "{D7068D8D-585C-493B-85F8-EC130B4D3169}"
EndProject
Global
	GlobalSection(SolutionConfigurationPlatforms) = preSolution
		Debug|Any CPU = Debug|Any CPU
		Release|Any CPU = Release|Any CPU
	EndGlobalSection
	GlobalSection(ProjectConfigurationPlatforms) = postSolution
		{0BED6746-6B1B-4EE0-96C9-1E3657163551}.Debug|Any CPU.ActiveCfg = Debug|Any CPU
		{0BED6746-6B1B-4EE0-96C9-1E3657163551}.Debug|Any CPU.Build.0 = Debug|Any CPU
		{0BED6746-6B1B-4EE0-96C9-1E3657163551}.Release|Any CPU.ActiveCfg = Release|Any CPU
		{0BED6746-6B1B-4EE0-96C9-1E3657163551}.Release|Any CPU.Build.0 = Release|Any CPU
		{D7068D8D-585C-493B-85F8-EC130B4D3169}.Debug|Any CPU.ActiveCfg = Debug|Any CPU
		{D7068D8D-585C-493B-85F8-EC130B4D3169}.Debug|Any CPU.Build.0 = Debug|Any CPU
		{D7068D8D-585C-493B-85F8-EC130B4D3169}.Release|Any CPU.ActiveCfg = Release|Any CPU
		{D7068D8D-585C-493B-85F8-EC130B4D3169}.Release|Any CPU.Build.0 = Release|Any CPU
	EndGlobalSection
	GlobalSection(SolutionProperties) = preSolution
		HideSolutionNode = FALSE
	EndGlobalSection
	GlobalSection(ExtensibilityGlobals) = postSolution
		SolutionGuid = {AFE3BFD8-74C7-428F-88F6-1972294952EE}
	EndGlobalSection
EndGlobal
